<?xml version="1.0" encoding="utf-8"?>
<Project ToolsVersion="4.0" xmlns="http://schemas.microsoft.com/developer/msbuild/2003">
  <ItemGroup>
    <ClCompile Include="AnglePlatform.cpp" />
    <ClCompile Include="BasicPlatform.cpp" />
    <ClCompile Include="Constants.cpp" />
    <ClCompile Include="ContactListener.cpp" />
    <ClCompile Include="FallingPlatform.cpp" />
    <ClCompile Include="Game.cpp" />
    <ClCompile Include="KeyboardManager.cpp" />
    <ClCompile Include="LevelManager.cpp" />
    <ClCompile Include="Main.cpp" />
    <ClCompile Include="Menu.cpp" />
    <ClCompile Include="ObjectFactory.cpp" />
    <ClCompile Include="OneWayPlatform.cpp" />
    <ClCompile Include="Player.cpp" />
    <ClCompile Include="PrismaticPlatform.cpp" />
    <ClCompile Include="RevolutePlatforms.cpp" />
    <ClCompile Include="SoundManager.cpp" />
    <ClCompile Include="Water.cpp" />
    <ClCompile Include="entity.cpp" />
  </ItemGroup>
  <ItemGroup>
    <ClInclude Include="AnglePlatform.h" />
    <ClInclude Include="BasicPlatform.h" />
    <ClInclude Include="Constants.h" />
    <ClInclude Include="ContactListener.h" />
    <ClInclude Include="FallingPlatform.h" />
    <ClInclude Include="Game.h" />
    <ClInclude Include="KeyboardManager.h" />
    <ClInclude Include="LevelManager.h" />
    <ClInclude Include="Menu.h" />
    <ClInclude Include="ObjectFactory.h" />
    <ClInclude Include="OneWayPlatform.h" />
    <ClInclude Include="Player.h" />
    <ClInclude Include="PrismaticPlatform.h" />
    <ClInclude Include="RevolutePlatforms.h" />
    <ClInclude Include="SoundManager.h" />
    <ClInclude Include="Water.h" />
    <ClInclude Include="entity.h" />
  </ItemGroup>
  <ItemGroup>
    <Image Include="backGroundTest.png" />
  </ItemGroup>
</Project>